
Microsoft Visual Studio Solution File, Format Version 12.00
# Visual Studio Version 16
VisualStudioVersion = 16.0.30611.23
MinimumVisualStudioVersion = 10.0.40219.1
Project("{FAE04EC0-301F-11D3-BF4B-00C04F79EFBC}") = "Line_Comparison_Computation", "Line_Comparison_Computation\Line_Comparison_Computation.csproj", "{52739EA2-7649-4222-B6D6-9636E0655253}"
EndProject
Global
	GlobalSection(SolutionConfigurationPlatforms) = preSolution
		Debug|Any CPU = Debug|Any CPU
		Release|Any CPU = Release|Any CPU
	EndGlobalSection
	GlobalSection(ProjectConfigurationPlatforms) = postSolution
		{52739EA2-7649-4222-B6D6-9636E0655253}.Debug|Any CPU.ActiveCfg = Debug|Any CPU
		{52739EA2-7649-4222-B6D6-9636E0655253}.Debug|Any CPU.Build.0 = Debug|Any CPU
		{52739EA2-7649-4222-B6D6-9636E0655253}.Release|Any CPU.ActiveCfg = Release|Any CPU
		{52739EA2-7649-4222-B6D6-9636E0655253}.Release|Any CPU.Build.0 = Release|Any CPU
	EndGlobalSection
	GlobalSection(SolutionProperties) = preSolution
		HideSolutionNode = FALSE
	EndGlobalSection
	GlobalSection(ExtensibilityGlobals) = postSolution
		SolutionGuid = {20256A48-6831-421B-B59E-7C6013C9F017}
	EndGlobalSection
EndGlobal
